
Microsoft Visual Studio Solution File, Format Version 12.00
# Visual Studio Version 17
VisualStudioVersion = 17.4.33205.214
MinimumVisualStudioVersion = 10.0.40219.1
Project("{FAE04EC0-301F-11D3-BF4B-00C04F79EFBC}") = "Lab_2", "Lab_2\Lab_2.csproj", "{6DC06E90-5CC9-4B6B-BFBF-134BE514989E}"
EndProject
Global
	GlobalSection(SolutionConfigurationPlatforms) = preSolution
		Debug|Any CPU = Debug|Any CPU
		Release|Any CPU = Release|Any CPU
	EndGlobalSection
	GlobalSection(ProjectConfigurationPlatforms) = postSolution
		{6DC06E90-5CC9-4B6B-BFBF-134BE514989E}.Debug|Any CPU.ActiveCfg = Debug|Any CPU
		{6DC06E90-5CC9-4B6B-BFBF-134BE514989E}.Debug|Any CPU.Build.0 = Debug|Any CPU
		{6DC06E90-5CC9-4B6B-BFBF-134BE514989E}.Release|Any CPU.ActiveCfg = Release|Any CPU
		{6DC06E90-5CC9-4B6B-BFBF-134BE514989E}.Release|Any CPU.Build.0 = Release|Any CPU
	EndGlobalSection
	GlobalSection(SolutionProperties) = preSolution
		HideSolutionNode = FALSE
	EndGlobalSection
	GlobalSection(ExtensibilityGlobals) = postSolution
		SolutionGuid = {03E05930-0C20-448C-BFE7-66B10681C4FA}
	EndGlobalSection
EndGlobal
